
Microsoft Visual Studio Solution File, Format Version 12.00
# Visual Studio 2013
VisualStudioVersion = 12.0.31101.0
MinimumVisualStudioVersion = 10.0.40219.1
Project("{FAE04EC0-301F-11D3-BF4B-00C04F79EFBC}") = "Frequenticity.Test", "Frequenticity.Test\Frequenticity.Test.csproj", "{2A939D17-3FE5-4940-A49D-1212B0303DD2}"
	ProjectSection(ProjectDependencies) = postProject
		{AD8F1F87-EB82-4244-B55C-38B8B03D595C} = {AD8F1F87-EB82-4244-B55C-38B8B03D595C}
	EndProjectSection
EndProject
Project("{FAE04EC0-301F-11D3-BF4B-00C04F79EFBC}") = "Frequenticity.Web", "Frequenticity.Web\Frequenticity.Web.csproj", "{AD8F1F87-EB82-4244-B55C-38B8B03D595C}"
EndProject
Global
	GlobalSection(SolutionConfigurationPlatforms) = preSolution
		Debug|Any CPU = Debug|Any CPU
		Release|Any CPU = Release|Any CPU
	EndGlobalSection
	GlobalSection(ProjectConfigurationPlatforms) = postSolution
		{2A939D17-3FE5-4940-A49D-1212B0303DD2}.Debug|Any CPU.ActiveCfg = Debug|Any CPU
		{2A939D17-3FE5-4940-A49D-1212B0303DD2}.Debug|Any CPU.Build.0 = Debug|Any CPU
		{2A939D17-3FE5-4940-A49D-1212B0303DD2}.Release|Any CPU.ActiveCfg = Release|Any CPU
		{2A939D17-3FE5-4940-A49D-1212B0303DD2}.Release|Any CPU.Build.0 = Release|Any CPU
		{AD8F1F87-EB82-4244-B55C-38B8B03D595C}.Debug|Any CPU.ActiveCfg = Debug|Any CPU
		{AD8F1F87-EB82-4244-B55C-38B8B03D595C}.Debug|Any CPU.Build.0 = Debug|Any CPU
		{AD8F1F87-EB82-4244-B55C-38B8B03D595C}.Release|Any CPU.ActiveCfg = Release|Any CPU
		{AD8F1F87-EB82-4244-B55C-38B8B03D595C}.Release|Any CPU.Build.0 = Release|Any CPU
	EndGlobalSection
	GlobalSection(SolutionProperties) = preSolution
		HideSolutionNode = FALSE
	EndGlobalSection
EndGlobal
